
Microsoft Visual Studio Solution File, Format Version 12.00
# Visual Studio Version 17
VisualStudioVersion = 17.1.32210.238
MinimumVisualStudioVersion = 10.0.40219.1
Project("{FAE04EC0-301F-11D3-BF4B-00C04F79EFBC}") = "MyInheritanceProject", "MyInheritanceProject\MyInheritanceProject.csproj", "{A1E33566-0919-421C-B71B-33422C2B4E15}"
EndProject
Global
	GlobalSection(SolutionConfigurationPlatforms) = preSolution
		Debug|Any CPU = Debug|Any CPU
		Release|Any CPU = Release|Any CPU
	EndGlobalSection
	GlobalSection(ProjectConfigurationPlatforms) = postSolution
		{A1E33566-0919-421C-B71B-33422C2B4E15}.Debug|Any CPU.ActiveCfg = Debug|Any CPU
		{A1E33566-0919-421C-B71B-33422C2B4E15}.Debug|Any CPU.Build.0 = Debug|Any CPU
		{A1E33566-0919-421C-B71B-33422C2B4E15}.Release|Any CPU.ActiveCfg = Release|Any CPU
		{A1E33566-0919-421C-B71B-33422C2B4E15}.Release|Any CPU.Build.0 = Release|Any CPU
	EndGlobalSection
	GlobalSection(SolutionProperties) = preSolution
		HideSolutionNode = FALSE
	EndGlobalSection
	GlobalSection(ExtensibilityGlobals) = postSolution
		SolutionGuid = {C138C4F1-AE69-42CC-965D-EC9BB99B690A}
	EndGlobalSection
EndGlobal
